
Microsoft Visual Studio Solution File, Format Version 12.00
# Visual Studio 15
VisualStudioVersion = 15.0.28307.168
MinimumVisualStudioVersion = 10.0.40219.1
Project("{FAE04EC0-301F-11D3-BF4B-00C04F79EFBC}") = "eKulturnoSportskiCentar_API", "eKulturnoSportskiCentar_API\eKulturnoSportskiCentar_API.csproj", "{66B6524F-DEA8-4281-BD46-1205764D5EA5}"
EndProject
Project("{FAE04EC0-301F-11D3-BF4B-00C04F79EFBC}") = "eKulturnoSportskiCentar_UI", "eKulturnoSportskiCentar_UI\eKulturnoSportskiCentar_UI.csproj", "{DEFC7767-F18D-4F25-A644-2DE1AE6E1AB0}"
EndProject
Global
	GlobalSection(SolutionConfigurationPlatforms) = preSolution
		Debug|Any CPU = Debug|Any CPU
		Release|Any CPU = Release|Any CPU
	EndGlobalSection
	GlobalSection(ProjectConfigurationPlatforms) = postSolution
		{66B6524F-DEA8-4281-BD46-1205764D5EA5}.Debug|Any CPU.ActiveCfg = Debug|Any CPU
		{66B6524F-DEA8-4281-BD46-1205764D5EA5}.Debug|Any CPU.Build.0 = Debug|Any CPU
		{66B6524F-DEA8-4281-BD46-1205764D5EA5}.Release|Any CPU.ActiveCfg = Release|Any CPU
		{66B6524F-DEA8-4281-BD46-1205764D5EA5}.Release|Any CPU.Build.0 = Release|Any CPU
		{DEFC7767-F18D-4F25-A644-2DE1AE6E1AB0}.Debug|Any CPU.ActiveCfg = Debug|Any CPU
		{DEFC7767-F18D-4F25-A644-2DE1AE6E1AB0}.Debug|Any CPU.Build.0 = Debug|Any CPU
		{DEFC7767-F18D-4F25-A644-2DE1AE6E1AB0}.Release|Any CPU.ActiveCfg = Release|Any CPU
		{DEFC7767-F18D-4F25-A644-2DE1AE6E1AB0}.Release|Any CPU.Build.0 = Release|Any CPU
	EndGlobalSection
	GlobalSection(SolutionProperties) = preSolution
		HideSolutionNode = FALSE
	EndGlobalSection
	GlobalSection(ExtensibilityGlobals) = postSolution
		SolutionGuid = {D1B18B8F-1E5E-4AE0-BB6E-C7035F2B5BA8}
	EndGlobalSection
EndGlobal
